
Microsoft Visual Studio Solution File, Format Version 12.00
# Visual Studio Version 16
VisualStudioVersion = 16.0.30907.101
MinimumVisualStudioVersion = 10.0.40219.1
Project("{8BC9CEB8-8B4A-11D0-8D11-00A0C91BC942}") = "AddingElementsOfArrayProgram", "AddingElementsOfArrayProgram\AddingElementsOfArrayProgram.vcxproj", "{30CCBE29-6927-4EAE-82BC-97E400F717A0}"
EndProject
Global
	GlobalSection(SolutionConfigurationPlatforms) = preSolution
		Debug|x64 = Debug|x64
		Debug|x86 = Debug|x86
		Release|x64 = Release|x64
		Release|x86 = Release|x86
	EndGlobalSection
	GlobalSection(ProjectConfigurationPlatforms) = postSolution
		{30CCBE29-6927-4EAE-82BC-97E400F717A0}.Debug|x64.ActiveCfg = Debug|x64
		{30CCBE29-6927-4EAE-82BC-97E400F717A0}.Debug|x64.Build.0 = Debug|x64
		{30CCBE29-6927-4EAE-82BC-97E400F717A0}.Debug|x86.ActiveCfg = Debug|Win32
		{30CCBE29-6927-4EAE-82BC-97E400F717A0}.Debug|x86.Build.0 = Debug|Win32
		{30CCBE29-6927-4EAE-82BC-97E400F717A0}.Release|x64.ActiveCfg = Release|x64
		{30CCBE29-6927-4EAE-82BC-97E400F717A0}.Release|x64.Build.0 = Release|x64
		{30CCBE29-6927-4EAE-82BC-97E400F717A0}.Release|x86.ActiveCfg = Release|Win32
		{30CCBE29-6927-4EAE-82BC-97E400F717A0}.Release|x86.Build.0 = Release|Win32
	EndGlobalSection
	GlobalSection(SolutionProperties) = preSolution
		HideSolutionNode = FALSE
	EndGlobalSection
	GlobalSection(ExtensibilityGlobals) = postSolution
		SolutionGuid = {5ECA3B74-D0A6-4496-A0D2-2CB487D0D60A}
	EndGlobalSection
EndGlobal
