
Microsoft Visual Studio Solution File, Format Version 12.00
# Visual Studio Version 16
VisualStudioVersion = 16.0.31129.286
MinimumVisualStudioVersion = 10.0.40219.1
Project("{8BC9CEB8-8B4A-11D0-8D11-00A0C91BC942}") = "AllAboutCatchExercise", "AllAboutCatchExercise\AllAboutCatchExercise.vcxproj", "{B23ADD19-44F3-4780-BC34-9B65F46F058C}"
EndProject
Global
	GlobalSection(SolutionConfigurationPlatforms) = preSolution
		Debug|x64 = Debug|x64
		Debug|x86 = Debug|x86
		Release|x64 = Release|x64
		Release|x86 = Release|x86
	EndGlobalSection
	GlobalSection(ProjectConfigurationPlatforms) = postSolution
		{B23ADD19-44F3-4780-BC34-9B65F46F058C}.Debug|x64.ActiveCfg = Debug|x64
		{B23ADD19-44F3-4780-BC34-9B65F46F058C}.Debug|x64.Build.0 = Debug|x64
		{B23ADD19-44F3-4780-BC34-9B65F46F058C}.Debug|x86.ActiveCfg = Debug|Win32
		{B23ADD19-44F3-4780-BC34-9B65F46F058C}.Debug|x86.Build.0 = Debug|Win32
		{B23ADD19-44F3-4780-BC34-9B65F46F058C}.Release|x64.ActiveCfg = Release|x64
		{B23ADD19-44F3-4780-BC34-9B65F46F058C}.Release|x64.Build.0 = Release|x64
		{B23ADD19-44F3-4780-BC34-9B65F46F058C}.Release|x86.ActiveCfg = Release|Win32
		{B23ADD19-44F3-4780-BC34-9B65F46F058C}.Release|x86.Build.0 = Release|Win32
	EndGlobalSection
	GlobalSection(SolutionProperties) = preSolution
		HideSolutionNode = FALSE
	EndGlobalSection
	GlobalSection(ExtensibilityGlobals) = postSolution
		SolutionGuid = {B1D55CB3-E48E-44AD-AF04-765DA6BF8371}
	EndGlobalSection
EndGlobal
