
Microsoft Visual Studio Solution File, Format Version 12.00
# Visual Studio Version 16
VisualStudioVersion = 16.0.31129.286
MinimumVisualStudioVersion = 10.0.40219.1
Project("{8BC9CEB8-8B4A-11D0-8D11-00A0C91BC942}") = "AccessSpecifiersExercise", "AccessSpecifiersExercise\AccessSpecifiersExercise.vcxproj", "{B6FE6C0C-65DE-470B-A943-848618938097}"
EndProject
Global
	GlobalSection(SolutionConfigurationPlatforms) = preSolution
		Debug|x64 = Debug|x64
		Debug|x86 = Debug|x86
		Release|x64 = Release|x64
		Release|x86 = Release|x86
	EndGlobalSection
	GlobalSection(ProjectConfigurationPlatforms) = postSolution
		{B6FE6C0C-65DE-470B-A943-848618938097}.Debug|x64.ActiveCfg = Debug|x64
		{B6FE6C0C-65DE-470B-A943-848618938097}.Debug|x64.Build.0 = Debug|x64
		{B6FE6C0C-65DE-470B-A943-848618938097}.Debug|x86.ActiveCfg = Debug|Win32
		{B6FE6C0C-65DE-470B-A943-848618938097}.Debug|x86.Build.0 = Debug|Win32
		{B6FE6C0C-65DE-470B-A943-848618938097}.Release|x64.ActiveCfg = Release|x64
		{B6FE6C0C-65DE-470B-A943-848618938097}.Release|x64.Build.0 = Release|x64
		{B6FE6C0C-65DE-470B-A943-848618938097}.Release|x86.ActiveCfg = Release|Win32
		{B6FE6C0C-65DE-470B-A943-848618938097}.Release|x86.Build.0 = Release|Win32
	EndGlobalSection
	GlobalSection(SolutionProperties) = preSolution
		HideSolutionNode = FALSE
	EndGlobalSection
	GlobalSection(ExtensibilityGlobals) = postSolution
		SolutionGuid = {F9ABE590-F890-4198-BF69-AEB10BC48076}
	EndGlobalSection
EndGlobal
