
Microsoft Visual Studio Solution File, Format Version 12.00
# Visual Studio Version 16
VisualStudioVersion = 16.0.31129.286
MinimumVisualStudioVersion = 10.0.40219.1
Project("{8BC9CEB8-8B4A-11D0-8D11-00A0C91BC942}") = "WaysOfInheritanceExercise", "WaysOfInheritanceExercise\WaysOfInheritanceExercise.vcxproj", "{5D0AAAB3-C001-4E7D-A871-745D6C962B9D}"
EndProject
Global
	GlobalSection(SolutionConfigurationPlatforms) = preSolution
		Debug|x64 = Debug|x64
		Debug|x86 = Debug|x86
		Release|x64 = Release|x64
		Release|x86 = Release|x86
	EndGlobalSection
	GlobalSection(ProjectConfigurationPlatforms) = postSolution
		{5D0AAAB3-C001-4E7D-A871-745D6C962B9D}.Debug|x64.ActiveCfg = Debug|x64
		{5D0AAAB3-C001-4E7D-A871-745D6C962B9D}.Debug|x64.Build.0 = Debug|x64
		{5D0AAAB3-C001-4E7D-A871-745D6C962B9D}.Debug|x86.ActiveCfg = Debug|Win32
		{5D0AAAB3-C001-4E7D-A871-745D6C962B9D}.Debug|x86.Build.0 = Debug|Win32
		{5D0AAAB3-C001-4E7D-A871-745D6C962B9D}.Release|x64.ActiveCfg = Release|x64
		{5D0AAAB3-C001-4E7D-A871-745D6C962B9D}.Release|x64.Build.0 = Release|x64
		{5D0AAAB3-C001-4E7D-A871-745D6C962B9D}.Release|x86.ActiveCfg = Release|Win32
		{5D0AAAB3-C001-4E7D-A871-745D6C962B9D}.Release|x86.Build.0 = Release|Win32
	EndGlobalSection
	GlobalSection(SolutionProperties) = preSolution
		HideSolutionNode = FALSE
	EndGlobalSection
	GlobalSection(ExtensibilityGlobals) = postSolution
		SolutionGuid = {0D833312-57C0-4522-8B33-6A1438CC878E}
	EndGlobalSection
EndGlobal
